#
# This file is autogenerated by pip-compile with Python 3.12
# by the following command:
#
#    pip-compile --output-file=requirements.lock requirements.in
#
annotated-types==0.7.0
    # via pydantic
coverage[toml]==7.15.4
    # via pytest-cov
iniconfig==2.3.0
    # via pytest
librt==0.15.0
    # via mypy
lz4==4.4.5
    # via mcap
mcap==1.4.0
    # via
    #   -r requirements.in
    #   mcap-protobuf-support
mcap-protobuf-support==0.5.4
    # via -r requirements.in
mypy==1.20.2
    # via -r requirements.in
mypy-extensions==1.1.0
    # via mypy
numpy==2.5.1
    # via -r requirements.in
packaging==26.2
    # via pytest
pathspec==1.1.1
    # via mypy
pluggy==1.6.0
    # via
    #   pytest
    #   pytest-cov
protobuf==7.35.1
    # via
    #   -r requirements.in
    #   mcap-protobuf-support
psutil==7.2.2
    # via -r requirements.in
pydantic==2.13.4
    # via -r requirements.in
pydantic-core==2.46.4
    # via pydantic
pygments==2.20.0
    # via pytest
pytest==9.1.1
    # via
    #   -r requirements.in
    #   pytest-cov
    #   pytest-timeout
pytest-cov==7.1.0
    # via -r requirements.in
pytest-timeout==2.4.0
    # via -r requirements.in
pyyaml==6.0.3
    # via -r requirements.in
pyzmq==27.1.0
    # via -r requirements.in
ruff==0.16.0
    # via -r requirements.in
types-pyyaml==6.0.12.20260815
    # via -r requirements.in
typing-extensions==4.16.0
    # via
    #   mypy
    #   pydantic
    #   pydantic-core
    #   typing-inspection
typing-inspection==0.4.2
    # via pydantic
zstandard==0.25.0
    # via mcap
